// !$*UTF8*$!
{
	archiveVersion = 1;
	classes = {
	};
	objectVersion = 46;
	objects = {

/* Begin PBXBuildFile section */
		00DC9332152C37D70091C7AD /* ThreadPerTaskQueue.cpp in Sources */ = {isa = PBXBuildFile; fileRef = 00DC9331152C37D70091C7AD /* ThreadPerTaskQueue.cpp */; };
		0615161B151B116300E585C8 /* GCDTaskQueue.cpp in Sources */ = {isa = PBXBuildFile; fileRef = 0615161A151B116300E585C8 /* GCDTaskQueue.cpp */; };
		0684816F152AF80800713416 /* script.sh in Resources */ = {isa = PBXBuildFile; fileRef = 0684816E152AF80800713416 /* script.sh */; };
		0691C8EB151AEE7F00450DEB /* Cocoa.framework in Frameworks */ = {isa = PBXBuildFile; fileRef = 0691C8EA151AEE7F00450DEB /* Cocoa.framework */; };
		0691C8F5151AEE7F00450DEB /* InfoPlist.strings in Resources */ = {isa = PBXBuildFile; fileRef = 0691C8F3151AEE7F00450DEB /* InfoPlist.strings */; };
		0691C8F7151AEE7F00450DEB /* main.m in Sources */ = {isa = PBXBuildFile; fileRef = 0691C8F6151AEE7F00450DEB /* main.m */; };
		0691C8FB151AEE7F00450DEB /* Credits.rtf in Resources */ = {isa = PBXBuildFile; fileRef = 0691C8F9151AEE7F00450DEB /* Credits.rtf */; };
		0691C8FE151AEE7F00450DEB /* AppDelegate.mm in Sources */ = {isa = PBXBuildFile; fileRef = 0691C8FD151AEE7F00450DEB /* AppDelegate.mm */; };
		0691C901151AEE7F00450DEB /* MainMenu.xib in Resources */ = {isa = PBXBuildFile; fileRef = 0691C8FF151AEE7F00450DEB /* MainMenu.xib */; };
		06B7B878151B151B00470B72 /* Image.cpp in Sources */ = {isa = PBXBuildFile; fileRef = 06B7B877151B151B00470B72 /* Image.cpp */; };
		06B7B87C151B1FF800470B72 /* SequentialTaskQueue.cpp in Sources */ = {isa = PBXBuildFile; fileRef = 06B7B87B151B1FF800470B72 /* SequentialTaskQueue.cpp */; };
		06B7B87F151C42F100470B72 /* GrayscaleFilter.cpp in Sources */ = {isa = PBXBuildFile; fileRef = 06B7B87E151C42F100470B72 /* GrayscaleFilter.cpp */; };
		06B7B882151C585000470B72 /* Filter.cpp in Sources */ = {isa = PBXBuildFile; fileRef = 06B7B881151C585000470B72 /* Filter.cpp */; };
		06B7B88B151D57E600470B72 /* ThreadPoolTaskQueue.cpp in Sources */ = {isa = PBXBuildFile; fileRef = 06B7B88A151D57E500470B72 /* ThreadPoolTaskQueue.cpp */; };
		06D2E19E15399B7900D2BC7F /* edge.cikernel in Resources */ = {isa = PBXBuildFile; fileRef = 06D2E19D15399B7900D2BC7F /* edge.cikernel */; };
		06D2E1A515399F9A00D2BC7F /* CIEdgeFilter.m in Sources */ = {isa = PBXBuildFile; fileRef = 06D2E1A415399F9A00D2BC7F /* CIEdgeFilter.m */; };
		06D2E1A815399FBB00D2BC7F /* Quartz.framework in Frameworks */ = {isa = PBXBuildFile; fileRef = 06D2E1A715399FBB00D2BC7F /* Quartz.framework */; };
		06DC28F8151B05CD006B8C8E /* Task.cpp in Sources */ = {isa = PBXBuildFile; fileRef = 06DC28F7151B05CD006B8C8E /* Task.cpp */; };
/* End PBXBuildFile section */

/* Begin PBXFileReference section */
		00DC9324152901360091C7AD /* InvertFilter.h */ = {isa = PBXFileReference; lastKnownFileType = sourcecode.c.h; path = InvertFilter.h; sourceTree = "<group>"; };
		00DC9326152906870091C7AD /* SepiaFilter.h */ = {isa = PBXFileReference; lastKnownFileType = sourcecode.c.h; path = SepiaFilter.h; sourceTree = "<group>"; };
		00DC932F152C36E20091C7AD /* ThreadPerTaskQueue.h */ = {isa = PBXFileReference; lastKnownFileType = sourcecode.c.h; path = ThreadPerTaskQueue.h; sourceTree = "<group>"; };
		00DC9331152C37D70091C7AD /* ThreadPerTaskQueue.cpp */ = {isa = PBXFileReference; fileEncoding = 4; lastKnownFileType = sourcecode.cpp.cpp; path = ThreadPerTaskQueue.cpp; sourceTree = "<group>"; };
		06151618151B115700E585C8 /* GCDTaskQueue.h */ = {isa = PBXFileReference; fileEncoding = 4; lastKnownFileType = sourcecode.c.h; path = GCDTaskQueue.h; sourceTree = "<group>"; };
		0615161A151B116300E585C8 /* GCDTaskQueue.cpp */ = {isa = PBXFileReference; fileEncoding = 4; lastKnownFileType = sourcecode.cpp.cpp; path = GCDTaskQueue.cpp; sourceTree = "<group>"; };
		0615161C151B11A100E585C8 /* Filter.h */ = {isa = PBXFileReference; fileEncoding = 4; lastKnownFileType = sourcecode.c.h; path = Filter.h; sourceTree = "<group>"; };
		0615161D151B121C00E585C8 /* Image.h */ = {isa = PBXFileReference; fileEncoding = 4; lastKnownFileType = sourcecode.c.h; path = Image.h; sourceTree = "<group>"; };
		061E24711529B403000E9FD4 /* EdgeFilter.h */ = {isa = PBXFileReference; lastKnownFileType = sourcecode.c.h; path = EdgeFilter.h; sourceTree = "<group>"; };
		061E24731529BC39000E9FD4 /* BlurFilter.h */ = {isa = PBXFileReference; lastKnownFileType = sourcecode.c.h; path = BlurFilter.h; sourceTree = "<group>"; };
		064BC42215245103000697A5 /* ColorfulFilter.h */ = {isa = PBXFileReference; fileEncoding = 4; lastKnownFileType = sourcecode.c.h; path = ColorfulFilter.h; sourceTree = "<group>"; };
		0684816E152AF80800713416 /* script.sh */ = {isa = PBXFileReference; fileEncoding = 4; lastKnownFileType = text.script.sh; path = script.sh; sourceTree = "<group>"; };
		0691C8E6151AEE7F00450DEB /* ImageFilter.app */ = {isa = PBXFileReference; explicitFileType = wrapper.application; includeInIndex = 0; path = ImageFilter.app; sourceTree = BUILT_PRODUCTS_DIR; };
		0691C8EA151AEE7F00450DEB /* Cocoa.framework */ = {isa = PBXFileReference; lastKnownFileType = wrapper.framework; name = Cocoa.framework; path = System/Library/Frameworks/Cocoa.framework; sourceTree = SDKROOT; };
		0691C8ED151AEE7F00450DEB /* AppKit.framework */ = {isa = PBXFileReference; lastKnownFileType = wrapper.framework; name = AppKit.framework; path = System/Library/Frameworks/AppKit.framework; sourceTree = SDKROOT; };
		0691C8EE151AEE7F00450DEB /* CoreData.framework */ = {isa = PBXFileReference; lastKnownFileType = wrapper.framework; name = CoreData.framework; path = System/Library/Frameworks/CoreData.framework; sourceTree = SDKROOT; };
		0691C8EF151AEE7F00450DEB /* Foundation.framework */ = {isa = PBXFileReference; lastKnownFileType = wrapper.framework; name = Foundation.framework; path = System/Library/Frameworks/Foundation.framework; sourceTree = SDKROOT; };
		0691C8F2151AEE7F00450DEB /* ImageFilter-Info.plist */ = {isa = PBXFileReference; lastKnownFileType = text.plist.xml; path = "ImageFilter-Info.plist"; sourceTree = "<group>"; };
		0691C8F4151AEE7F00450DEB /* en */ = {isa = PBXFileReference; lastKnownFileType = text.plist.strings; name = en; path = en.lproj/InfoPlist.strings; sourceTree = "<group>"; };
		0691C8F6151AEE7F00450DEB /* main.m */ = {isa = PBXFileReference; lastKnownFileType = sourcecode.c.objc; path = main.m; sourceTree = "<group>"; };
		0691C8F8151AEE7F00450DEB /* ImageFilter-Prefix.pch */ = {isa = PBXFileReference; lastKnownFileType = sourcecode.c.h; path = "ImageFilter-Prefix.pch"; sourceTree = "<group>"; };
		0691C8FA151AEE7F00450DEB /* en */ = {isa = PBXFileReference; lastKnownFileType = text.rtf; name = en; path = en.lproj/Credits.rtf; sourceTree = "<group>"; };
		0691C8FC151AEE7F00450DEB /* AppDelegate.h */ = {isa = PBXFileReference; lastKnownFileType = sourcecode.c.h; path = AppDelegate.h; sourceTree = "<group>"; };
		0691C8FD151AEE7F00450DEB /* AppDelegate.mm */ = {isa = PBXFileReference; lastKnownFileType = sourcecode.cpp.objcpp; path = AppDelegate.mm; sourceTree = "<group>"; };
		0691C900151AEE7F00450DEB /* en */ = {isa = PBXFileReference; lastKnownFileType = file.xib; name = en; path = en.lproj/MainMenu.xib; sourceTree = "<group>"; };
		06B7B877151B151B00470B72 /* Image.cpp */ = {isa = PBXFileReference; fileEncoding = 4; lastKnownFileType = sourcecode.cpp.cpp; path = Image.cpp; sourceTree = "<group>"; };
		06B7B87A151B1FE900470B72 /* SequentialTaskQueue.h */ = {isa = PBXFileReference; fileEncoding = 4; lastKnownFileType = sourcecode.c.h; path = SequentialTaskQueue.h; sourceTree = "<group>"; };
		06B7B87B151B1FF800470B72 /* SequentialTaskQueue.cpp */ = {isa = PBXFileReference; fileEncoding = 4; lastKnownFileType = sourcecode.cpp.cpp; path = SequentialTaskQueue.cpp; sourceTree = "<group>"; };
		06B7B87D151C42E500470B72 /* GrayscaleFilter.h */ = {isa = PBXFileReference; fileEncoding = 4; lastKnownFileType = sourcecode.c.h; path = GrayscaleFilter.h; sourceTree = "<group>"; };
		06B7B87E151C42F100470B72 /* GrayscaleFilter.cpp */ = {isa = PBXFileReference; fileEncoding = 4; lastKnownFileType = sourcecode.cpp.cpp; path = GrayscaleFilter.cpp; sourceTree = "<group>"; };
		06B7B881151C585000470B72 /* Filter.cpp */ = {isa = PBXFileReference; fileEncoding = 4; lastKnownFileType = sourcecode.cpp.cpp; path = Filter.cpp; sourceTree = "<group>"; };
		06B7B887151C970D00470B72 /* BlockTask.h */ = {isa = PBXFileReference; fileEncoding = 4; lastKnownFileType = sourcecode.c.h; path = BlockTask.h; sourceTree = "<group>"; };
		06B7B889151D57D600470B72 /* ThreadPoolTaskQueue.h */ = {isa = PBXFileReference; fileEncoding = 4; lastKnownFileType = sourcecode.c.h; path = ThreadPoolTaskQueue.h; sourceTree = "<group>"; };
		06B7B88A151D57E500470B72 /* ThreadPoolTaskQueue.cpp */ = {isa = PBXFileReference; fileEncoding = 4; lastKnownFileType = sourcecode.cpp.cpp; path = ThreadPoolTaskQueue.cpp; sourceTree = "<group>"; };
		06B7B89015219C6F00470B72 /* Atomic.h */ = {isa = PBXFileReference; fileEncoding = 4; lastKnownFileType = sourcecode.c.h; path = Atomic.h; sourceTree = "<group>"; };
		06D2E19D15399B7900D2BC7F /* edge.cikernel */ = {isa = PBXFileReference; explicitFileType = sourcecode.glsl; fileEncoding = 4; path = edge.cikernel; sourceTree = "<group>"; };
		06D2E1A315399F9A00D2BC7F /* CIEdgeFilter.h */ = {isa = PBXFileReference; fileEncoding = 4; lastKnownFileType = sourcecode.c.h; path = CIEdgeFilter.h; sourceTree = "<group>"; };
		06D2E1A415399F9A00D2BC7F /* CIEdgeFilter.m */ = {isa = PBXFileReference; fileEncoding = 4; lastKnownFileType = sourcecode.c.objc; path = CIEdgeFilter.m; sourceTree = "<group>"; };
		06D2E1A715399FBB00D2BC7F /* Quartz.framework */ = {isa = PBXFileReference; lastKnownFileType = wrapper.framework; name = Quartz.framework; path = System/Library/Frameworks/Quartz.framework; sourceTree = SDKROOT; };
		06DC28F5151B048D006B8C8E /* TaskQueue.h */ = {isa = PBXFileReference; fileEncoding = 4; lastKnownFileType = sourcecode.c.h; path = TaskQueue.h; sourceTree = "<group>"; };
		06DC28F6151B04CF006B8C8E /* Task.h */ = {isa = PBXFileReference; fileEncoding = 4; lastKnownFileType = sourcecode.c.h; path = Task.h; sourceTree = "<group>"; };
		06DC28F7151B05CD006B8C8E /* Task.cpp */ = {isa = PBXFileReference; fileEncoding = 4; lastKnownFileType = sourcecode.cpp.cpp; path = Task.cpp; sourceTree = "<group>"; };
/* End PBXFileReference section */

/* Begin PBXFrameworksBuildPhase section */
		0691C8E3151AEE7F00450DEB /* Frameworks */ = {
			isa = PBXFrameworksBuildPhase;
			buildActionMask = 2147483647;
			files = (
				06D2E1A815399FBB00D2BC7F /* Quartz.framework in Frameworks */,
				0691C8EB151AEE7F00450DEB /* Cocoa.framework in Frameworks */,
			);
			runOnlyForDeploymentPostprocessing = 0;
		};
/* End PBXFrameworksBuildPhase section */

/* Begin PBXGroup section */
		0691C8DB151AEE7F00450DEB = {
			isa = PBXGroup;
			children = (
				0691C8F0151AEE7F00450DEB /* ImageFilter */,
				0691C8E9151AEE7F00450DEB /* Frameworks */,
				0691C8E7151AEE7F00450DEB /* Products */,
			);
			sourceTree = "<group>";
		};
		0691C8E7151AEE7F00450DEB /* Products */ = {
			isa = PBXGroup;
			children = (
				0691C8E6151AEE7F00450DEB /* ImageFilter.app */,
			);
			name = Products;
			sourceTree = "<group>";
		};
		0691C8E9151AEE7F00450DEB /* Frameworks */ = {
			isa = PBXGroup;
			children = (
				06D2E1A715399FBB00D2BC7F /* Quartz.framework */,
				0691C8EA151AEE7F00450DEB /* Cocoa.framework */,
				0691C8EC151AEE7F00450DEB /* Other Frameworks */,
			);
			name = Frameworks;
			sourceTree = "<group>";
		};
		0691C8EC151AEE7F00450DEB /* Other Frameworks */ = {
			isa = PBXGroup;
			children = (
				0691C8ED151AEE7F00450DEB /* AppKit.framework */,
				0691C8EE151AEE7F00450DEB /* CoreData.framework */,
				0691C8EF151AEE7F00450DEB /* Foundation.framework */,
			);
			name = "Other Frameworks";
			sourceTree = "<group>";
		};
		0691C8F0151AEE7F00450DEB /* ImageFilter */ = {
			isa = PBXGroup;
			children = (
				0684816E152AF80800713416 /* script.sh */,
				06DC28F2151B0458006B8C8E /* TaskQueue */,
				06DC28F1151B0448006B8C8E /* Filters */,
				06D2E19B15399B3900D2BC7F /* CoreImage */,
				06DC28EF151B0413006B8C8E /* UI */,
				0691C8F6151AEE7F00450DEB /* main.m */,
				0691C8F1151AEE7F00450DEB /* Supporting Files */,
			);
			path = ImageFilter;
			sourceTree = "<group>";
		};
		0691C8F1151AEE7F00450DEB /* Supporting Files */ = {
			isa = PBXGroup;
			children = (
				0691C8F2151AEE7F00450DEB /* ImageFilter-Info.plist */,
				0691C8F3151AEE7F00450DEB /* InfoPlist.strings */,
				0691C8F8151AEE7F00450DEB /* ImageFilter-Prefix.pch */,
				0691C8F9151AEE7F00450DEB /* Credits.rtf */,
			);
			name = "Supporting Files";
			sourceTree = "<group>";
		};
		06D2E19B15399B3900D2BC7F /* CoreImage */ = {
			isa = PBXGroup;
			children = (
				06D2E19D15399B7900D2BC7F /* edge.cikernel */,
				06D2E1A315399F9A00D2BC7F /* CIEdgeFilter.h */,
				06D2E1A415399F9A00D2BC7F /* CIEdgeFilter.m */,
			);
			name = CoreImage;
			sourceTree = "<group>";
		};
		06DC28EF151B0413006B8C8E /* UI */ = {
			isa = PBXGroup;
			children = (
				0691C8FC151AEE7F00450DEB /* AppDelegate.h */,
				0691C8FD151AEE7F00450DEB /* AppDelegate.mm */,
				0691C8FF151AEE7F00450DEB /* MainMenu.xib */,
			);
			name = UI;
			sourceTree = "<group>";
		};
		06DC28F1151B0448006B8C8E /* Filters */ = {
			isa = PBXGroup;
			children = (
				0615161C151B11A100E585C8 /* Filter.h */,
				06B7B881151C585000470B72 /* Filter.cpp */,
				064BC42215245103000697A5 /* ColorfulFilter.h */,
				06B7B87D151C42E500470B72 /* GrayscaleFilter.h */,
				06B7B87E151C42F100470B72 /* GrayscaleFilter.cpp */,
				00DC9324152901360091C7AD /* InvertFilter.h */,
				00DC9326152906870091C7AD /* SepiaFilter.h */,
				061E24711529B403000E9FD4 /* EdgeFilter.h */,
				061E24731529BC39000E9FD4 /* BlurFilter.h */,
				0615161D151B121C00E585C8 /* Image.h */,
				06B7B877151B151B00470B72 /* Image.cpp */,
			);
			name = Filters;
			sourceTree = "<group>";
		};
		06DC28F2151B0458006B8C8E /* TaskQueue */ = {
			isa = PBXGroup;
			children = (
				06DC28F6151B04CF006B8C8E /* Task.h */,
				06DC28F7151B05CD006B8C8E /* Task.cpp */,
				06B7B887151C970D00470B72 /* BlockTask.h */,
				06DC28F5151B048D006B8C8E /* TaskQueue.h */,
				06B7B87A151B1FE900470B72 /* SequentialTaskQueue.h */,
				06B7B87B151B1FF800470B72 /* SequentialTaskQueue.cpp */,
				06151618151B115700E585C8 /* GCDTaskQueue.h */,
				0615161A151B116300E585C8 /* GCDTaskQueue.cpp */,
				06B7B889151D57D600470B72 /* ThreadPoolTaskQueue.h */,
				06B7B88A151D57E500470B72 /* ThreadPoolTaskQueue.cpp */,
				00DC932F152C36E20091C7AD /* ThreadPerTaskQueue.h */,
				00DC9331152C37D70091C7AD /* ThreadPerTaskQueue.cpp */,
				06B7B89015219C6F00470B72 /* Atomic.h */,
			);
			name = TaskQueue;
			sourceTree = "<group>";
		};
/* End PBXGroup section */

/* Begin PBXNativeTarget section */
		0691C8E5151AEE7F00450DEB /* ImageFilter */ = {
			isa = PBXNativeTarget;
			buildConfigurationList = 0691C904151AEE7F00450DEB /* Build configuration list for PBXNativeTarget "ImageFilter" */;
			buildPhases = (
				0691C8E2151AEE7F00450DEB /* Sources */,
				0691C8E3151AEE7F00450DEB /* Frameworks */,
				0691C8E4151AEE7F00450DEB /* Resources */,
			);
			buildRules = (
			);
			dependencies = (
			);
			name = ImageFilter;
			productName = ImageFilter;
			productReference = 0691C8E6151AEE7F00450DEB /* ImageFilter.app */;
			productType = "com.apple.product-type.application";
		};
/* End PBXNativeTarget section */

/* Begin PBXProject section */
		0691C8DD151AEE7F00450DEB /* Project object */ = {
			isa = PBXProject;
			attributes = {
				LastUpgradeCheck = 0430;
			};
			buildConfigurationList = 0691C8E0151AEE7F00450DEB /* Build configuration list for PBXProject "ImageFilter" */;
			compatibilityVersion = "Xcode 3.2";
			developmentRegion = English;
			hasScannedForEncodings = 0;
			knownRegions = (
				en,
			);
			mainGroup = 0691C8DB151AEE7F00450DEB;
			productRefGroup = 0691C8E7151AEE7F00450DEB /* Products */;
			projectDirPath = "";
			projectRoot = "";
			targets = (
				0691C8E5151AEE7F00450DEB /* ImageFilter */,
			);
		};
/* End PBXProject section */

/* Begin PBXResourcesBuildPhase section */
		0691C8E4151AEE7F00450DEB /* Resources */ = {
			isa = PBXResourcesBuildPhase;
			buildActionMask = 2147483647;
			files = (
				0691C8F5151AEE7F00450DEB /* InfoPlist.strings in Resources */,
				0691C8FB151AEE7F00450DEB /* Credits.rtf in Resources */,
				0691C901151AEE7F00450DEB /* MainMenu.xib in Resources */,
				0684816F152AF80800713416 /* script.sh in Resources */,
				06D2E19E15399B7900D2BC7F /* edge.cikernel in Resources */,
			);
			runOnlyForDeploymentPostprocessing = 0;
		};
/* End PBXResourcesBuildPhase section */

/* Begin PBXSourcesBuildPhase section */
		0691C8E2151AEE7F00450DEB /* Sources */ = {
			isa = PBXSourcesBuildPhase;
			buildActionMask = 2147483647;
			files = (
				0691C8F7151AEE7F00450DEB /* main.m in Sources */,
				0691C8FE151AEE7F00450DEB /* AppDelegate.mm in Sources */,
				06DC28F8151B05CD006B8C8E /* Task.cpp in Sources */,
				0615161B151B116300E585C8 /* GCDTaskQueue.cpp in Sources */,
				06B7B878151B151B00470B72 /* Image.cpp in Sources */,
				06B7B87C151B1FF800470B72 /* SequentialTaskQueue.cpp in Sources */,
				06B7B87F151C42F100470B72 /* GrayscaleFilter.cpp in Sources */,
				06B7B882151C585000470B72 /* Filter.cpp in Sources */,
				06B7B88B151D57E600470B72 /* ThreadPoolTaskQueue.cpp in Sources */,
				00DC9332152C37D70091C7AD /* ThreadPerTaskQueue.cpp in Sources */,
				06D2E1A515399F9A00D2BC7F /* CIEdgeFilter.m in Sources */,
			);
			runOnlyForDeploymentPostprocessing = 0;
		};
/* End PBXSourcesBuildPhase section */

/* Begin PBXVariantGroup section */
		0691C8F3151AEE7F00450DEB /* InfoPlist.strings */ = {
			isa = PBXVariantGroup;
			children = (
				0691C8F4151AEE7F00450DEB /* en */,
			);
			name = InfoPlist.strings;
			sourceTree = "<group>";
		};
		0691C8F9151AEE7F00450DEB /* Credits.rtf */ = {
			isa = PBXVariantGroup;
			children = (
				0691C8FA151AEE7F00450DEB /* en */,
			);
			name = Credits.rtf;
			sourceTree = "<group>";
		};
		0691C8FF151AEE7F00450DEB /* MainMenu.xib */ = {
			isa = PBXVariantGroup;
			children = (
				0691C900151AEE7F00450DEB /* en */,
			);
			name = MainMenu.xib;
			sourceTree = "<group>";
		};
/* End PBXVariantGroup section */

/* Begin XCBuildConfiguration section */
		0691C902151AEE7F00450DEB /* Debug */ = {
			isa = XCBuildConfiguration;
			buildSettings = {
				ALWAYS_SEARCH_USER_PATHS = NO;
				ARCHS = "$(ARCHS_STANDARD_64_BIT)";
				CLANG_CXX_LANGUAGE_STANDARD = "c++0x";
				CLANG_CXX_LIBRARY = "libc++";
				CLANG_ENABLE_OBJC_ARC = YES;
				COPY_PHASE_STRIP = NO;
				GCC_C_LANGUAGE_STANDARD = gnu99;
				GCC_DYNAMIC_NO_PIC = NO;
				GCC_ENABLE_OBJC_EXCEPTIONS = YES;
				GCC_OPTIMIZATION_LEVEL = 0;
				GCC_PREPROCESSOR_DEFINITIONS = (
					"DEBUG=1",
					"$(inherited)",
				);
				GCC_SYMBOLS_PRIVATE_EXTERN = NO;
				GCC_VERSION = com.apple.compilers.llvm.clang.1_0;
				GCC_WARN_64_TO_32_BIT_CONVERSION = YES;
				GCC_WARN_ABOUT_MISSING_PROTOTYPES = YES;
				GCC_WARN_ABOUT_RETURN_TYPE = YES;
				GCC_WARN_UNUSED_VARIABLE = YES;
				MACOSX_DEPLOYMENT_TARGET = 10.7;
				ONLY_ACTIVE_ARCH = YES;
				SDKROOT = macosx;
			};
			name = Debug;
		};
		0691C903151AEE7F00450DEB /* Release */ = {
			isa = XCBuildConfiguration;
			buildSettings = {
				ALWAYS_SEARCH_USER_PATHS = NO;
				ARCHS = "$(ARCHS_STANDARD_64_BIT)";
				CLANG_CXX_LANGUAGE_STANDARD = "c++0x";
				CLANG_CXX_LIBRARY = "libc++";
				CLANG_ENABLE_OBJC_ARC = YES;
				COPY_PHASE_STRIP = YES;
				DEBUG_INFORMATION_FORMAT = "dwarf-with-dsym";
				GCC_C_LANGUAGE_STANDARD = gnu99;
				GCC_ENABLE_OBJC_EXCEPTIONS = YES;
				GCC_VERSION = com.apple.compilers.llvm.clang.1_0;
				GCC_WARN_64_TO_32_BIT_CONVERSION = YES;
				GCC_WARN_ABOUT_MISSING_PROTOTYPES = YES;
				GCC_WARN_ABOUT_RETURN_TYPE = YES;
				GCC_WARN_UNUSED_VARIABLE = YES;
				MACOSX_DEPLOYMENT_TARGET = 10.7;
				SDKROOT = macosx;
			};
			name = Release;
		};
		0691C905151AEE7F00450DEB /* Debug */ = {
			isa = XCBuildConfiguration;
			buildSettings = {
				CLANG_CXX_LANGUAGE_STANDARD = "c++0x";
				CLANG_CXX_LIBRARY = "libc++";
				GCC_PRECOMPILE_PREFIX_HEADER = YES;
				GCC_PREFIX_HEADER = "ImageFilter/ImageFilter-Prefix.pch";
				INFOPLIST_FILE = "ImageFilter/ImageFilter-Info.plist";
				PRODUCT_NAME = "$(TARGET_NAME)";
				WRAPPER_EXTENSION = app;
			};
			name = Debug;
		};
		0691C906151AEE7F00450DEB /* Release */ = {
			isa = XCBuildConfiguration;
			buildSettings = {
				CLANG_CXX_LANGUAGE_STANDARD = "c++0x";
				CLANG_CXX_LIBRARY = "libc++";
				GCC_PRECOMPILE_PREFIX_HEADER = YES;
				GCC_PREFIX_HEADER = "ImageFilter/ImageFilter-Prefix.pch";
				INFOPLIST_FILE = "ImageFilter/ImageFilter-Info.plist";
				PRODUCT_NAME = "$(TARGET_NAME)";
				WRAPPER_EXTENSION = app;
			};
			name = Release;
		};
/* End XCBuildConfiguration section */

/* Begin XCConfigurationList section */
		0691C8E0151AEE7F00450DEB /* Build configuration list for PBXProject "ImageFilter" */ = {
			isa = XCConfigurationList;
			buildConfigurations = (
				0691C902151AEE7F00450DEB /* Debug */,
				0691C903151AEE7F00450DEB /* Release */,
			);
			defaultConfigurationIsVisible = 0;
			defaultConfigurationName = Release;
		};
		0691C904151AEE7F00450DEB /* Build configuration list for PBXNativeTarget "ImageFilter" */ = {
			isa = XCConfigurationList;
			buildConfigurations = (
				0691C905151AEE7F00450DEB /* Debug */,
				0691C906151AEE7F00450DEB /* Release */,
			);
			defaultConfigurationIsVisible = 0;
			defaultConfigurationName = Release;
		};
/* End XCConfigurationList section */
	};
	rootObject = 0691C8DD151AEE7F00450DEB /* Project object */;
}
